
Microsoft Visual Studio Solution File, Format Version 12.00
# Visual Studio Version 17
VisualStudioVersion = 17.5.002.0
MinimumVisualStudioVersion = 10.0.40219.1
Project("{9A19103F-16F7-4668-BE54-9A1E7A4F7556}") = "funcionSuma", "funcionSuma.csproj", "{C3EC1748-22A7-48BF-8B0A-D4D44AB1B0A7}"
EndProject
Global
	GlobalSection(SolutionConfigurationPlatforms) = preSolution
		Debug|Any CPU = Debug|Any CPU
		Release|Any CPU = Release|Any CPU
	EndGlobalSection
	GlobalSection(ProjectConfigurationPlatforms) = postSolution
		{C3EC1748-22A7-48BF-8B0A-D4D44AB1B0A7}.Debug|Any CPU.ActiveCfg = Debug|Any CPU
		{C3EC1748-22A7-48BF-8B0A-D4D44AB1B0A7}.Debug|Any CPU.Build.0 = Debug|Any CPU
		{C3EC1748-22A7-48BF-8B0A-D4D44AB1B0A7}.Release|Any CPU.ActiveCfg = Release|Any CPU
		{C3EC1748-22A7-48BF-8B0A-D4D44AB1B0A7}.Release|Any CPU.Build.0 = Release|Any CPU
	EndGlobalSection
	GlobalSection(SolutionProperties) = preSolution
		HideSolutionNode = FALSE
	EndGlobalSection
	GlobalSection(ExtensibilityGlobals) = postSolution
		SolutionGuid = {EEF6B107-D6C7-4775-BC8E-74DFE58ED746}
	EndGlobalSection
EndGlobal
